
Microsoft Visual Studio Solution File, Format Version 12.00
# Visual Studio Version 16
VisualStudioVersion = 16.0.31729.503
MinimumVisualStudioVersion = 10.0.40219.1
Project("{FAE04EC0-301F-11D3-BF4B-00C04F79EFBC}") = "ZhuravkoHospitalApp", "ZhuravkoHospitalApp\ZhuravkoHospitalApp.csproj", "{656CC825-7280-4393-BF21-69DD3DD9256F}"
EndProject
Global
	GlobalSection(SolutionConfigurationPlatforms) = preSolution
		Debug|Any CPU = Debug|Any CPU
		Release|Any CPU = Release|Any CPU
	EndGlobalSection
	GlobalSection(ProjectConfigurationPlatforms) = postSolution
		{656CC825-7280-4393-BF21-69DD3DD9256F}.Debug|Any CPU.ActiveCfg = Debug|Any CPU
		{656CC825-7280-4393-BF21-69DD3DD9256F}.Debug|Any CPU.Build.0 = Debug|Any CPU
		{656CC825-7280-4393-BF21-69DD3DD9256F}.Release|Any CPU.ActiveCfg = Release|Any CPU
		{656CC825-7280-4393-BF21-69DD3DD9256F}.Release|Any CPU.Build.0 = Release|Any CPU
	EndGlobalSection
	GlobalSection(SolutionProperties) = preSolution
		HideSolutionNode = FALSE
	EndGlobalSection
	GlobalSection(ExtensibilityGlobals) = postSolution
		SolutionGuid = {1A136035-E5CF-42DF-86D2-16A3F710BDD7}
	EndGlobalSection
EndGlobal
